
Microsoft Visual Studio Solution File, Format Version 12.00
# Visual Studio Version 17
VisualStudioVersion = 17.14.36414.22 d17.14
MinimumVisualStudioVersion = 10.0.40219.1
Project("{FAE04EC0-301F-11D3-BF4B-00C04F79EFBC}") = "CalculatorApp", "CalculatorApp.csproj", "{A14969AF-8F54-48D3-A143-A5975AF62D00}"
EndProject
Global
	GlobalSection(SolutionConfigurationPlatforms) = preSolution
		Debug|Any CPU = Debug|Any CPU
		Release|Any CPU = Release|Any CPU
	EndGlobalSection
	GlobalSection(ProjectConfigurationPlatforms) = postSolution
		{A14969AF-8F54-48D3-A143-A5975AF62D00}.Debug|Any CPU.ActiveCfg = Debug|Any CPU
		{A14969AF-8F54-48D3-A143-A5975AF62D00}.Debug|Any CPU.Build.0 = Debug|Any CPU
		{A14969AF-8F54-48D3-A143-A5975AF62D00}.Release|Any CPU.ActiveCfg = Release|Any CPU
		{A14969AF-8F54-48D3-A143-A5975AF62D00}.Release|Any CPU.Build.0 = Release|Any CPU
	EndGlobalSection
	GlobalSection(SolutionProperties) = preSolution
		HideSolutionNode = FALSE
	EndGlobalSection
	GlobalSection(ExtensibilityGlobals) = postSolution
		SolutionGuid = {6D113D39-54B7-4D20-A76E-EE42F01EAA78}
	EndGlobalSection
EndGlobal
